
Microsoft Visual Studio Solution File, Format Version 12.00
# Visual Studio Version 16
VisualStudioVersion = 16.0.30804.86
MinimumVisualStudioVersion = 10.0.40219.1
Project("{9A19103F-16F7-4668-BE54-9A1E7A4F7556}") = "PasswordManager", "PasswordManager\PasswordManager.csproj", "{34CDECDE-5332-4698-B47C-184CF08A0428}"
EndProject
Project("{9A19103F-16F7-4668-BE54-9A1E7A4F7556}") = "PasswordManager.Encryption", "PasswordManager.Encryption\PasswordManager.Encryption.csproj", "{5337409F-5E09-4553-BA13-64999ACF8372}"
EndProject
Project("{9A19103F-16F7-4668-BE54-9A1E7A4F7556}") = "PasswordManager.Tests", "PasswordManager.Tests\PasswordManager.Tests.csproj", "{7C26EDE7-6CE8-4D40-A57C-D2289E6F8D95}"
EndProject
Project("{9A19103F-16F7-4668-BE54-9A1E7A4F7556}") = "PasswordManager.CLI", "PasswordManager.CLI\PasswordManager.CLI.csproj", "{1E60858D-9A23-43F7-B357-EAB19456B6E4}"
EndProject
Project("{9A19103F-16F7-4668-BE54-9A1E7A4F7556}") = "PasswordManager.Extensions", "PasswordManager.Extensions\PasswordManager.Extensions.csproj", "{5EB7C197-1050-40EE-8AC8-E4ADE54F3B22}"
EndProject
Project("{FAE04EC0-301F-11D3-BF4B-00C04F79EFBC}") = "PasswordManager.Database", "PasswordManagerDBConnection\PasswordManager.Database.csproj", "{926B72C4-2BE6-4B90-B56D-CD2DF9FC2A5A}"
EndProject
Global
	GlobalSection(SolutionConfigurationPlatforms) = preSolution
		Debug|Any CPU = Debug|Any CPU
		Release|Any CPU = Release|Any CPU
	EndGlobalSection
	GlobalSection(ProjectConfigurationPlatforms) = postSolution
		{34CDECDE-5332-4698-B47C-184CF08A0428}.Debug|Any CPU.ActiveCfg = Debug|Any CPU
		{34CDECDE-5332-4698-B47C-184CF08A0428}.Debug|Any CPU.Build.0 = Debug|Any CPU
		{34CDECDE-5332-4698-B47C-184CF08A0428}.Release|Any CPU.ActiveCfg = Release|Any CPU
		{34CDECDE-5332-4698-B47C-184CF08A0428}.Release|Any CPU.Build.0 = Release|Any CPU
		{5337409F-5E09-4553-BA13-64999ACF8372}.Debug|Any CPU.ActiveCfg = Debug|Any CPU
		{5337409F-5E09-4553-BA13-64999ACF8372}.Debug|Any CPU.Build.0 = Debug|Any CPU
		{5337409F-5E09-4553-BA13-64999ACF8372}.Release|Any CPU.ActiveCfg = Release|Any CPU
		{5337409F-5E09-4553-BA13-64999ACF8372}.Release|Any CPU.Build.0 = Release|Any CPU
		{7C26EDE7-6CE8-4D40-A57C-D2289E6F8D95}.Debug|Any CPU.ActiveCfg = Debug|Any CPU
		{7C26EDE7-6CE8-4D40-A57C-D2289E6F8D95}.Debug|Any CPU.Build.0 = Debug|Any CPU
		{7C26EDE7-6CE8-4D40-A57C-D2289E6F8D95}.Release|Any CPU.ActiveCfg = Release|Any CPU
		{7C26EDE7-6CE8-4D40-A57C-D2289E6F8D95}.Release|Any CPU.Build.0 = Release|Any CPU
		{1E60858D-9A23-43F7-B357-EAB19456B6E4}.Debug|Any CPU.ActiveCfg = Debug|Any CPU
		{1E60858D-9A23-43F7-B357-EAB19456B6E4}.Debug|Any CPU.Build.0 = Debug|Any CPU
		{1E60858D-9A23-43F7-B357-EAB19456B6E4}.Release|Any CPU.ActiveCfg = Release|Any CPU
		{1E60858D-9A23-43F7-B357-EAB19456B6E4}.Release|Any CPU.Build.0 = Release|Any CPU
		{5EB7C197-1050-40EE-8AC8-E4ADE54F3B22}.Debug|Any CPU.ActiveCfg = Debug|Any CPU
		{5EB7C197-1050-40EE-8AC8-E4ADE54F3B22}.Debug|Any CPU.Build.0 = Debug|Any CPU
		{5EB7C197-1050-40EE-8AC8-E4ADE54F3B22}.Release|Any CPU.ActiveCfg = Release|Any CPU
		{5EB7C197-1050-40EE-8AC8-E4ADE54F3B22}.Release|Any CPU.Build.0 = Release|Any CPU
		{926B72C4-2BE6-4B90-B56D-CD2DF9FC2A5A}.Debug|Any CPU.ActiveCfg = Debug|Any CPU
		{926B72C4-2BE6-4B90-B56D-CD2DF9FC2A5A}.Debug|Any CPU.Build.0 = Debug|Any CPU
		{926B72C4-2BE6-4B90-B56D-CD2DF9FC2A5A}.Release|Any CPU.ActiveCfg = Release|Any CPU
		{926B72C4-2BE6-4B90-B56D-CD2DF9FC2A5A}.Release|Any CPU.Build.0 = Release|Any CPU
	EndGlobalSection
	GlobalSection(SolutionProperties) = preSolution
		HideSolutionNode = FALSE
	EndGlobalSection
	GlobalSection(ExtensibilityGlobals) = postSolution
		SolutionGuid = {F72CA6F7-3A84-49DF-895A-F7B1F7F2B653}
	EndGlobalSection
EndGlobal
